
Microsoft Visual Studio Solution File, Format Version 12.00
# Visual Studio Version 16
VisualStudioVersion = 16.0.30225.117
MinimumVisualStudioVersion = 10.0.40219.1
Project("{2150E333-8FDC-42A3-9474-1A3956D46DE8}") = "Solution Items", "Solution Items", "{74878C79-6116-43B6-84D4-BEFE095B4057}"
	ProjectSection(SolutionItems) = preProject
		..\..\..\工作资料\我的图书库\专业理论图书\C语言学习资料\零基础学 C 语言（全彩版）.pdf = ..\..\..\工作资料\我的图书库\专业理论图书\C语言学习资料\零基础学 C 语言（全彩版）.pdf
	EndProjectSection
EndProject
Project("{8BC9CEB8-8B4A-11D0-8D11-00A0C91BC942}") = "Chapter17_NetworkSocket", "Chapter17_NetworkSocket\Chapter17_NetworkSocket.vcxproj", "{9C30B76F-FC41-4C74-A1E0-90AFC61513B9}"
EndProject
Project("{8BC9CEB8-8B4A-11D0-8D11-00A0C91BC942}") = "Chapter18_StudentAchievementManagementSystem", "Chapter18_StudentAchievementManagementSystem\Chapter18_StudentAchievementManagementSystem.vcxproj", "{07679039-8FA6-420E-92CC-4AAFA14950C2}"
EndProject
Project("{8BC9CEB8-8B4A-11D0-8D11-00A0C91BC942}") = "Chapter15_File", "Chapter15_File\Chapter15_File.vcxproj", "{04C6787A-5165-4441-BE24-24C4AFD39DA8}"
EndProject
Project("{8BC9CEB8-8B4A-11D0-8D11-00A0C91BC942}") = "Chapter09_Function", "Chapter09_Function\Chapter09_Function.vcxproj", "{ABDDE5C4-E006-43DE-8EAF-21787BE39D77}"
EndProject
Global
	GlobalSection(SolutionConfigurationPlatforms) = preSolution
		Debug|x64 = Debug|x64
		Debug|x86 = Debug|x86
		Release|x64 = Release|x64
		Release|x86 = Release|x86
	EndGlobalSection
	GlobalSection(ProjectConfigurationPlatforms) = postSolution
		{9C30B76F-FC41-4C74-A1E0-90AFC61513B9}.Debug|x64.ActiveCfg = Debug|x64
		{9C30B76F-FC41-4C74-A1E0-90AFC61513B9}.Debug|x64.Build.0 = Debug|x64
		{9C30B76F-FC41-4C74-A1E0-90AFC61513B9}.Debug|x86.ActiveCfg = Debug|Win32
		{9C30B76F-FC41-4C74-A1E0-90AFC61513B9}.Debug|x86.Build.0 = Debug|Win32
		{9C30B76F-FC41-4C74-A1E0-90AFC61513B9}.Release|x64.ActiveCfg = Release|x64
		{9C30B76F-FC41-4C74-A1E0-90AFC61513B9}.Release|x64.Build.0 = Release|x64
		{9C30B76F-FC41-4C74-A1E0-90AFC61513B9}.Release|x86.ActiveCfg = Release|Win32
		{9C30B76F-FC41-4C74-A1E0-90AFC61513B9}.Release|x86.Build.0 = Release|Win32
		{07679039-8FA6-420E-92CC-4AAFA14950C2}.Debug|x64.ActiveCfg = Debug|x64
		{07679039-8FA6-420E-92CC-4AAFA14950C2}.Debug|x64.Build.0 = Debug|x64
		{07679039-8FA6-420E-92CC-4AAFA14950C2}.Debug|x86.ActiveCfg = Debug|Win32
		{07679039-8FA6-420E-92CC-4AAFA14950C2}.Debug|x86.Build.0 = Debug|Win32
		{07679039-8FA6-420E-92CC-4AAFA14950C2}.Release|x64.ActiveCfg = Release|x64
		{07679039-8FA6-420E-92CC-4AAFA14950C2}.Release|x64.Build.0 = Release|x64
		{07679039-8FA6-420E-92CC-4AAFA14950C2}.Release|x86.ActiveCfg = Release|Win32
		{07679039-8FA6-420E-92CC-4AAFA14950C2}.Release|x86.Build.0 = Release|Win32
		{04C6787A-5165-4441-BE24-24C4AFD39DA8}.Debug|x64.ActiveCfg = Debug|x64
		{04C6787A-5165-4441-BE24-24C4AFD39DA8}.Debug|x64.Build.0 = Debug|x64
		{04C6787A-5165-4441-BE24-24C4AFD39DA8}.Debug|x86.ActiveCfg = Debug|Win32
		{04C6787A-5165-4441-BE24-24C4AFD39DA8}.Debug|x86.Build.0 = Debug|Win32
		{04C6787A-5165-4441-BE24-24C4AFD39DA8}.Release|x64.ActiveCfg = Release|x64
		{04C6787A-5165-4441-BE24-24C4AFD39DA8}.Release|x64.Build.0 = Release|x64
		{04C6787A-5165-4441-BE24-24C4AFD39DA8}.Release|x86.ActiveCfg = Release|Win32
		{04C6787A-5165-4441-BE24-24C4AFD39DA8}.Release|x86.Build.0 = Release|Win32
		{ABDDE5C4-E006-43DE-8EAF-21787BE39D77}.Debug|x64.ActiveCfg = Debug|x64
		{ABDDE5C4-E006-43DE-8EAF-21787BE39D77}.Debug|x64.Build.0 = Debug|x64
		{ABDDE5C4-E006-43DE-8EAF-21787BE39D77}.Debug|x86.ActiveCfg = Debug|Win32
		{ABDDE5C4-E006-43DE-8EAF-21787BE39D77}.Debug|x86.Build.0 = Debug|Win32
		{ABDDE5C4-E006-43DE-8EAF-21787BE39D77}.Release|x64.ActiveCfg = Release|x64
		{ABDDE5C4-E006-43DE-8EAF-21787BE39D77}.Release|x64.Build.0 = Release|x64
		{ABDDE5C4-E006-43DE-8EAF-21787BE39D77}.Release|x86.ActiveCfg = Release|Win32
		{ABDDE5C4-E006-43DE-8EAF-21787BE39D77}.Release|x86.Build.0 = Release|Win32
	EndGlobalSection
	GlobalSection(SolutionProperties) = preSolution
		HideSolutionNode = FALSE
	EndGlobalSection
	GlobalSection(ExtensibilityGlobals) = postSolution
		SolutionGuid = {71F31235-AF90-4105-A734-62B843CAB6B7}
	EndGlobalSection
EndGlobal
